
Microsoft Visual Studio Solution File, Format Version 12.00
# Visual Studio Version 17
VisualStudioVersion = 17.7.34031.279
MinimumVisualStudioVersion = 10.0.40219.1
Project("{FAE04EC0-301F-11D3-BF4B-00C04F79EFBC}") = "pryBlaiottaEtapa3", "pryBlaiottaEtapa3.csproj", "{74CDD90D-F757-41BA-A674-24277D24FA13}"
EndProject
Global
	GlobalSection(SolutionConfigurationPlatforms) = preSolution
		Debug|Any CPU = Debug|Any CPU
		Release|Any CPU = Release|Any CPU
	EndGlobalSection
	GlobalSection(ProjectConfigurationPlatforms) = postSolution
		{74CDD90D-F757-41BA-A674-24277D24FA13}.Debug|Any CPU.ActiveCfg = Debug|Any CPU
		{74CDD90D-F757-41BA-A674-24277D24FA13}.Debug|Any CPU.Build.0 = Debug|Any CPU
		{74CDD90D-F757-41BA-A674-24277D24FA13}.Release|Any CPU.ActiveCfg = Release|Any CPU
		{74CDD90D-F757-41BA-A674-24277D24FA13}.Release|Any CPU.Build.0 = Release|Any CPU
	EndGlobalSection
	GlobalSection(SolutionProperties) = preSolution
		HideSolutionNode = FALSE
	EndGlobalSection
	GlobalSection(ExtensibilityGlobals) = postSolution
		SolutionGuid = {BFFCCF62-00FD-4CCD-B9CC-A865E7A88EA8}
	EndGlobalSection
EndGlobal
